// !$*UTF8*$!
{
	archiveVersion = 1;
	classes = {
	};
	objectVersion = 46;
	objects = {

/* Begin PBXBuildFile section */
		9D68457E1BC3B1C1004B4FCC /* ChatConfirmationBlockCell.swift in Sources */ = {isa = PBXBuildFile; fileRef = 9D68457D1BC3B1C1004B4FCC /* ChatConfirmationBlockCell.swift */; settings = {ASSET_TAGS = (); }; };
		9D6845821BC3F25F004B4FCC /* ExchangeAndRefundRequest.swift in Sources */ = {isa = PBXBuildFile; fileRef = 9D6845811BC3F25F004B4FCC /* ExchangeAndRefundRequest.swift */; settings = {ASSET_TAGS = (); }; };
		9D6845851BC3F423004B4FCC /* ATOrderInfo.m in Sources */ = {isa = PBXBuildFile; fileRef = 9D6845841BC3F423004B4FCC /* ATOrderInfo.m */; settings = {ASSET_TAGS = (); }; };
		9D6845881BC3F794004B4FCC /* Utils.m in Sources */ = {isa = PBXBuildFile; fileRef = 9D6845871BC3F794004B4FCC /* Utils.m */; settings = {ASSET_TAGS = (); }; };
		9D68458D1BC41700004B4FCC /* Localizable.strings in Resources */ = {isa = PBXBuildFile; fileRef = 9D68458F1BC41700004B4FCC /* Localizable.strings */; };
		9D6845941BC51978004B4FCC /* UIView.swift in Sources */ = {isa = PBXBuildFile; fileRef = 9D6845931BC51978004B4FCC /* UIView.swift */; settings = {ASSET_TAGS = (); }; };
		9D6845981BC543D9004B4FCC /* hotel_pool.jpg in Resources */ = {isa = PBXBuildFile; fileRef = 9D6845961BC543D9004B4FCC /* hotel_pool.jpg */; settings = {ASSET_TAGS = (); }; };
		9D6845991BC543D9004B4FCC /* portrait_btbob.jpg in Resources */ = {isa = PBXBuildFile; fileRef = 9D6845971BC543D9004B4FCC /* portrait_btbob.jpg */; settings = {ASSET_TAGS = (); }; };
		9D76EFFB1BBD17CB0082F14E /* ChatSendMessagePanel.swift in Sources */ = {isa = PBXBuildFile; fileRef = 9D76EFFA1BBD17CB0082F14E /* ChatSendMessagePanel.swift */; settings = {ASSET_TAGS = (); }; };
		9D76EFFD1BBD2E050082F14E /* ExchangeAndRefundViewController.swift in Sources */ = {isa = PBXBuildFile; fileRef = 9D76EFFC1BBD2E050082F14E /* ExchangeAndRefundViewController.swift */; settings = {ASSET_TAGS = (); }; };
		9D76F0001BBD3CC90082F14E /* UIColor.swift in Sources */ = {isa = PBXBuildFile; fileRef = 9D76EFFF1BBD3CC90082F14E /* UIColor.swift */; settings = {ASSET_TAGS = (); }; };
		9D76F0021BBD906B0082F14E /* UIFont.swift in Sources */ = {isa = PBXBuildFile; fileRef = 9D76F0011BBD906B0082F14E /* UIFont.swift */; settings = {ASSET_TAGS = (); }; };
		9D76F0041BBD98B50082F14E /* SubtitleTitleView.swift in Sources */ = {isa = PBXBuildFile; fileRef = 9D76F0031BBD98B50082F14E /* SubtitleTitleView.swift */; settings = {ASSET_TAGS = (); }; };
		9D8544281BBA94AF00AA9834 /* AppDelegate.swift in Sources */ = {isa = PBXBuildFile; fileRef = 9D8544271BBA94AF00AA9834 /* AppDelegate.swift */; };
		9D85442A1BBA94AF00AA9834 /* ViewController.swift in Sources */ = {isa = PBXBuildFile; fileRef = 9D8544291BBA94AF00AA9834 /* ViewController.swift */; };
		9D85442D1BBA94AF00AA9834 /* Main.storyboard in Resources */ = {isa = PBXBuildFile; fileRef = 9D85442B1BBA94AF00AA9834 /* Main.storyboard */; };
		9D85442F1BBA94AF00AA9834 /* Assets.xcassets in Resources */ = {isa = PBXBuildFile; fileRef = 9D85442E1BBA94AF00AA9834 /* Assets.xcassets */; };
		9D8544321BBA94AF00AA9834 /* LaunchScreen.storyboard in Resources */ = {isa = PBXBuildFile; fileRef = 9D8544301BBA94AF00AA9834 /* LaunchScreen.storyboard */; };
		9D85443D1BBA94AF00AA9834 /* ExchangeAndReturnChatTests.swift in Sources */ = {isa = PBXBuildFile; fileRef = 9D85443C1BBA94AF00AA9834 /* ExchangeAndReturnChatTests.swift */; };
		9D8544481BBA94AF00AA9834 /* ExchangeAndReturnChatUITests.swift in Sources */ = {isa = PBXBuildFile; fileRef = 9D8544471BBA94AF00AA9834 /* ExchangeAndReturnChatUITests.swift */; };
		9D8544561BBA968300AA9834 /* ChatViewController.swift in Sources */ = {isa = PBXBuildFile; fileRef = 9D8544551BBA968300AA9834 /* ChatViewController.swift */; settings = {ASSET_TAGS = (); }; };
		9D85445A1BBAA4BD00AA9834 /* ChatCollectionViewCell.swift in Sources */ = {isa = PBXBuildFile; fileRef = 9D8544591BBAA4BD00AA9834 /* ChatCollectionViewCell.swift */; settings = {ASSET_TAGS = (); }; };
		9D8544601BBC113000AA9834 /* NSString+Awad.m in Sources */ = {isa = PBXBuildFile; fileRef = 9D85445F1BBC113000AA9834 /* NSString+Awad.m */; settings = {ASSET_TAGS = (); }; };
		9DD9606C1BC7D5A000F5FC2A /* UIButton.swift in Sources */ = {isa = PBXBuildFile; fileRef = 9DD9606B1BC7D5A000F5FC2A /* UIButton.swift */; settings = {ASSET_TAGS = (); }; };
		9DD9C1F31BC27827007D2BAE /* Utils.swift in Sources */ = {isa = PBXBuildFile; fileRef = 9DD9C1F21BC27827007D2BAE /* Utils.swift */; settings = {ASSET_TAGS = (); }; };
/* End PBXBuildFile section */

/* Begin PBXContainerItemProxy section */
		9D8544391BBA94AF00AA9834 /* PBXContainerItemProxy */ = {
			isa = PBXContainerItemProxy;
			containerPortal = 9D85441C1BBA94AF00AA9834 /* Project object */;
			proxyType = 1;
			remoteGlobalIDString = 9D8544231BBA94AF00AA9834;
			remoteInfo = ExchangeAndReturnChat;
		};
		9D8544441BBA94AF00AA9834 /* PBXContainerItemProxy */ = {
			isa = PBXContainerItemProxy;
			containerPortal = 9D85441C1BBA94AF00AA9834 /* Project object */;
			proxyType = 1;
			remoteGlobalIDString = 9D8544231BBA94AF00AA9834;
			remoteInfo = ExchangeAndReturnChat;
		};
/* End PBXContainerItemProxy section */

/* Begin PBXFileReference section */
		9D68457D1BC3B1C1004B4FCC /* ChatConfirmationBlockCell.swift */ = {isa = PBXFileReference; fileEncoding = 4; lastKnownFileType = sourcecode.swift; path = ChatConfirmationBlockCell.swift; sourceTree = "<group>"; };
		9D6845811BC3F25F004B4FCC /* ExchangeAndRefundRequest.swift */ = {isa = PBXFileReference; fileEncoding = 4; lastKnownFileType = sourcecode.swift; path = ExchangeAndRefundRequest.swift; sourceTree = "<group>"; };
		9D6845831BC3F423004B4FCC /* ATOrderInfo.h */ = {isa = PBXFileReference; fileEncoding = 4; lastKnownFileType = sourcecode.c.h; path = ATOrderInfo.h; sourceTree = "<group>"; };
		9D6845841BC3F423004B4FCC /* ATOrderInfo.m */ = {isa = PBXFileReference; fileEncoding = 4; lastKnownFileType = sourcecode.c.objc; path = ATOrderInfo.m; sourceTree = "<group>"; };
		9D6845861BC3F794004B4FCC /* Utils.h */ = {isa = PBXFileReference; fileEncoding = 4; lastKnownFileType = sourcecode.c.h; path = Utils.h; sourceTree = "<group>"; };
		9D6845871BC3F794004B4FCC /* Utils.m */ = {isa = PBXFileReference; fileEncoding = 4; lastKnownFileType = sourcecode.c.objc; path = Utils.m; sourceTree = "<group>"; };
		9D6845891BC416EB004B4FCC /* de */ = {isa = PBXFileReference; lastKnownFileType = text.plist.strings; name = de; path = de.lproj/Main.strings; sourceTree = "<group>"; };
		9D68458A1BC416EB004B4FCC /* de */ = {isa = PBXFileReference; lastKnownFileType = text.plist.strings; name = de; path = de.lproj/LaunchScreen.strings; sourceTree = "<group>"; };
		9D68458B1BC416F5004B4FCC /* ru */ = {isa = PBXFileReference; lastKnownFileType = text.plist.strings; name = ru; path = ru.lproj/Main.strings; sourceTree = "<group>"; };
		9D68458C1BC416F5004B4FCC /* ru */ = {isa = PBXFileReference; lastKnownFileType = text.plist.strings; name = ru; path = ru.lproj/LaunchScreen.strings; sourceTree = "<group>"; };
		9D68458E1BC41700004B4FCC /* ru */ = {isa = PBXFileReference; lastKnownFileType = text.plist.strings; name = ru; path = ru.lproj/Localizable.strings; sourceTree = "<group>"; };
		9D6845901BC41704004B4FCC /* de */ = {isa = PBXFileReference; lastKnownFileType = text.plist.strings; name = de; path = de.lproj/Localizable.strings; sourceTree = "<group>"; };
		9D6845911BC41705004B4FCC /* en */ = {isa = PBXFileReference; lastKnownFileType = text.plist.strings; name = en; path = en.lproj/Localizable.strings; sourceTree = "<group>"; };
		9D6845921BC4170D004B4FCC /* Base */ = {isa = PBXFileReference; lastKnownFileType = text.plist.strings; name = Base; path = Base.lproj/Localizable.strings; sourceTree = "<group>"; };
		9D6845931BC51978004B4FCC /* UIView.swift */ = {isa = PBXFileReference; fileEncoding = 4; lastKnownFileType = sourcecode.swift; path = UIView.swift; sourceTree = "<group>"; };
		9D6845961BC543D9004B4FCC /* hotel_pool.jpg */ = {isa = PBXFileReference; lastKnownFileType = image.jpeg; path = hotel_pool.jpg; sourceTree = "<group>"; };
		9D6845971BC543D9004B4FCC /* portrait_btbob.jpg */ = {isa = PBXFileReference; lastKnownFileType = image.jpeg; path = portrait_btbob.jpg; sourceTree = "<group>"; };
		9D76EFFA1BBD17CB0082F14E /* ChatSendMessagePanel.swift */ = {isa = PBXFileReference; fileEncoding = 4; lastKnownFileType = sourcecode.swift; path = ChatSendMessagePanel.swift; sourceTree = "<group>"; };
		9D76EFFC1BBD2E050082F14E /* ExchangeAndRefundViewController.swift */ = {isa = PBXFileReference; fileEncoding = 4; lastKnownFileType = sourcecode.swift; path = ExchangeAndRefundViewController.swift; sourceTree = "<group>"; };
		9D76EFFF1BBD3CC90082F14E /* UIColor.swift */ = {isa = PBXFileReference; fileEncoding = 4; lastKnownFileType = sourcecode.swift; path = UIColor.swift; sourceTree = "<group>"; };
		9D76F0011BBD906B0082F14E /* UIFont.swift */ = {isa = PBXFileReference; fileEncoding = 4; lastKnownFileType = sourcecode.swift; path = UIFont.swift; sourceTree = "<group>"; };
		9D76F0031BBD98B50082F14E /* SubtitleTitleView.swift */ = {isa = PBXFileReference; fileEncoding = 4; lastKnownFileType = sourcecode.swift; path = SubtitleTitleView.swift; sourceTree = "<group>"; };
		9D8544241BBA94AF00AA9834 /* ExchangeAndReturnChat.app */ = {isa = PBXFileReference; explicitFileType = wrapper.application; includeInIndex = 0; path = ExchangeAndReturnChat.app; sourceTree = BUILT_PRODUCTS_DIR; };
		9D8544271BBA94AF00AA9834 /* AppDelegate.swift */ = {isa = PBXFileReference; lastKnownFileType = sourcecode.swift; path = AppDelegate.swift; sourceTree = "<group>"; };
		9D8544291BBA94AF00AA9834 /* ViewController.swift */ = {isa = PBXFileReference; lastKnownFileType = sourcecode.swift; path = ViewController.swift; sourceTree = "<group>"; };
		9D85442C1BBA94AF00AA9834 /* Base */ = {isa = PBXFileReference; lastKnownFileType = file.storyboard; name = Base; path = Base.lproj/Main.storyboard; sourceTree = "<group>"; };
		9D85442E1BBA94AF00AA9834 /* Assets.xcassets */ = {isa = PBXFileReference; lastKnownFileType = folder.assetcatalog; path = Assets.xcassets; sourceTree = "<group>"; };
		9D8544311BBA94AF00AA9834 /* Base */ = {isa = PBXFileReference; lastKnownFileType = file.storyboard; name = Base; path = Base.lproj/LaunchScreen.storyboard; sourceTree = "<group>"; };
		9D8544331BBA94AF00AA9834 /* Info.plist */ = {isa = PBXFileReference; lastKnownFileType = text.plist.xml; path = Info.plist; sourceTree = "<group>"; };
		9D8544381BBA94AF00AA9834 /* ExchangeAndReturnChatTests.xctest */ = {isa = PBXFileReference; explicitFileType = wrapper.cfbundle; includeInIndex = 0; path = ExchangeAndReturnChatTests.xctest; sourceTree = BUILT_PRODUCTS_DIR; };
		9D85443C1BBA94AF00AA9834 /* ExchangeAndReturnChatTests.swift */ = {isa = PBXFileReference; lastKnownFileType = sourcecode.swift; path = ExchangeAndReturnChatTests.swift; sourceTree = "<group>"; };
		9D85443E1BBA94AF00AA9834 /* Info.plist */ = {isa = PBXFileReference; lastKnownFileType = text.plist.xml; path = Info.plist; sourceTree = "<group>"; };
		9D8544431BBA94AF00AA9834 /* ExchangeAndReturnChatUITests.xctest */ = {isa = PBXFileReference; explicitFileType = wrapper.cfbundle; includeInIndex = 0; path = ExchangeAndReturnChatUITests.xctest; sourceTree = BUILT_PRODUCTS_DIR; };
		9D8544471BBA94AF00AA9834 /* ExchangeAndReturnChatUITests.swift */ = {isa = PBXFileReference; lastKnownFileType = sourcecode.swift; path = ExchangeAndReturnChatUITests.swift; sourceTree = "<group>"; };
		9D8544491BBA94AF00AA9834 /* Info.plist */ = {isa = PBXFileReference; lastKnownFileType = text.plist.xml; path = Info.plist; sourceTree = "<group>"; };
		9D8544551BBA968300AA9834 /* ChatViewController.swift */ = {isa = PBXFileReference; fileEncoding = 4; lastKnownFileType = sourcecode.swift; path = ChatViewController.swift; sourceTree = "<group>"; };
		9D8544591BBAA4BD00AA9834 /* ChatCollectionViewCell.swift */ = {isa = PBXFileReference; fileEncoding = 4; lastKnownFileType = sourcecode.swift; path = ChatCollectionViewCell.swift; sourceTree = "<group>"; };
		9D85445B1BBAE84100AA9834 /* AwadStyles.h */ = {isa = PBXFileReference; lastKnownFileType = sourcecode.c.h; path = AwadStyles.h; sourceTree = "<group>"; };
		9D85445C1BBAE87F00AA9834 /* ExchangeAndReturnChat-Bridging-Header.h */ = {isa = PBXFileReference; lastKnownFileType = sourcecode.c.h; path = "ExchangeAndReturnChat-Bridging-Header.h"; sourceTree = "<group>"; };
		9D85445E1BBC113000AA9834 /* NSString+Awad.h */ = {isa = PBXFileReference; fileEncoding = 4; lastKnownFileType = sourcecode.c.h; path = "NSString+Awad.h"; sourceTree = "<group>"; };
		9D85445F1BBC113000AA9834 /* NSString+Awad.m */ = {isa = PBXFileReference; fileEncoding = 4; lastKnownFileType = sourcecode.c.objc; path = "NSString+Awad.m"; sourceTree = "<group>"; };
		9DD9606B1BC7D5A000F5FC2A /* UIButton.swift */ = {isa = PBXFileReference; fileEncoding = 4; lastKnownFileType = sourcecode.swift; path = UIButton.swift; sourceTree = "<group>"; };
		9DD9C1F21BC27827007D2BAE /* Utils.swift */ = {isa = PBXFileReference; fileEncoding = 4; lastKnownFileType = sourcecode.swift; path = Utils.swift; sourceTree = "<group>"; };
/* End PBXFileReference section */

/* Begin PBXFrameworksBuildPhase section */
		9D8544211BBA94AF00AA9834 /* Frameworks */ = {
			isa = PBXFrameworksBuildPhase;
			buildActionMask = 2147483647;
			files = (
			);
			runOnlyForDeploymentPostprocessing = 0;
		};
		9D8544351BBA94AF00AA9834 /* Frameworks */ = {
			isa = PBXFrameworksBuildPhase;
			buildActionMask = 2147483647;
			files = (
			);
			runOnlyForDeploymentPostprocessing = 0;
		};
		9D8544401BBA94AF00AA9834 /* Frameworks */ = {
			isa = PBXFrameworksBuildPhase;
			buildActionMask = 2147483647;
			files = (
			);
			runOnlyForDeploymentPostprocessing = 0;
		};
/* End PBXFrameworksBuildPhase section */

/* Begin PBXGroup section */
		9D6845951BC5438F004B4FCC /* Images */ = {
			isa = PBXGroup;
			children = (
				9D6845961BC543D9004B4FCC /* hotel_pool.jpg */,
				9D6845971BC543D9004B4FCC /* portrait_btbob.jpg */,
			);
			name = Images;
			sourceTree = "<group>";
		};
		9D76EFFE1BBD33AD0082F14E /* Chat */ = {
			isa = PBXGroup;
			children = (
				9D8544591BBAA4BD00AA9834 /* ChatCollectionViewCell.swift */,
				9D68457D1BC3B1C1004B4FCC /* ChatConfirmationBlockCell.swift */,
				9D76EFFA1BBD17CB0082F14E /* ChatSendMessagePanel.swift */,
				9D8544551BBA968300AA9834 /* ChatViewController.swift */,
				9D6845811BC3F25F004B4FCC /* ExchangeAndRefundRequest.swift */,
				9D76EFFC1BBD2E050082F14E /* ExchangeAndRefundViewController.swift */,
				9D76F0031BBD98B50082F14E /* SubtitleTitleView.swift */,
				9D76EFFF1BBD3CC90082F14E /* UIColor.swift */,
				9D76F0011BBD906B0082F14E /* UIFont.swift */,
				9DD9C1F21BC27827007D2BAE /* Utils.swift */,
				9D6845931BC51978004B4FCC /* UIView.swift */,
				9DD9606B1BC7D5A000F5FC2A /* UIButton.swift */,
			);
			name = Chat;
			sourceTree = "<group>";
		};
		9D85441B1BBA94AF00AA9834 = {
			isa = PBXGroup;
			children = (
				9D8544261BBA94AF00AA9834 /* ExchangeAndReturnChat */,
				9D85443B1BBA94AF00AA9834 /* ExchangeAndReturnChatTests */,
				9D8544461BBA94AF00AA9834 /* ExchangeAndReturnChatUITests */,
				9D8544251BBA94AF00AA9834 /* Products */,
			);
			sourceTree = "<group>";
		};
		9D8544251BBA94AF00AA9834 /* Products */ = {
			isa = PBXGroup;
			children = (
				9D8544241BBA94AF00AA9834 /* ExchangeAndReturnChat.app */,
				9D8544381BBA94AF00AA9834 /* ExchangeAndReturnChatTests.xctest */,
				9D8544431BBA94AF00AA9834 /* ExchangeAndReturnChatUITests.xctest */,
			);
			name = Products;
			sourceTree = "<group>";
		};
		9D8544261BBA94AF00AA9834 /* ExchangeAndReturnChat */ = {
			isa = PBXGroup;
			children = (
				9D6845951BC5438F004B4FCC /* Images */,
				9D85445D1BBC112200AA9834 /* Awad */,
				9D76EFFE1BBD33AD0082F14E /* Chat */,
				9D8544271BBA94AF00AA9834 /* AppDelegate.swift */,
				9D8544291BBA94AF00AA9834 /* ViewController.swift */,
				9D85442B1BBA94AF00AA9834 /* Main.storyboard */,
				9D85445B1BBAE84100AA9834 /* AwadStyles.h */,
				9D85442E1BBA94AF00AA9834 /* Assets.xcassets */,
				9D8544301BBA94AF00AA9834 /* LaunchScreen.storyboard */,
				9D8544331BBA94AF00AA9834 /* Info.plist */,
				9D85445C1BBAE87F00AA9834 /* ExchangeAndReturnChat-Bridging-Header.h */,
				9D68458F1BC41700004B4FCC /* Localizable.strings */,
			);
			path = ExchangeAndReturnChat;
			sourceTree = "<group>";
		};
		9D85443B1BBA94AF00AA9834 /* ExchangeAndReturnChatTests */ = {
			isa = PBXGroup;
			children = (
				9D85443C1BBA94AF00AA9834 /* ExchangeAndReturnChatTests.swift */,
				9D85443E1BBA94AF00AA9834 /* Info.plist */,
			);
			path = ExchangeAndReturnChatTests;
			sourceTree = "<group>";
		};
		9D8544461BBA94AF00AA9834 /* ExchangeAndReturnChatUITests */ = {
			isa = PBXGroup;
			children = (
				9D8544471BBA94AF00AA9834 /* ExchangeAndReturnChatUITests.swift */,
				9D8544491BBA94AF00AA9834 /* Info.plist */,
			);
			path = ExchangeAndReturnChatUITests;
			sourceTree = "<group>";
		};
		9D85445D1BBC112200AA9834 /* Awad */ = {
			isa = PBXGroup;
			children = (
				9D6845831BC3F423004B4FCC /* ATOrderInfo.h */,
				9D6845841BC3F423004B4FCC /* ATOrderInfo.m */,
				9D85445E1BBC113000AA9834 /* NSString+Awad.h */,
				9D85445F1BBC113000AA9834 /* NSString+Awad.m */,
				9D6845861BC3F794004B4FCC /* Utils.h */,
				9D6845871BC3F794004B4FCC /* Utils.m */,
			);
			path = Awad;
			sourceTree = "<group>";
		};
/* End PBXGroup section */

/* Begin PBXNativeTarget section */
		9D8544231BBA94AF00AA9834 /* ExchangeAndReturnChat */ = {
			isa = PBXNativeTarget;
			buildConfigurationList = 9D85444C1BBA94AF00AA9834 /* Build configuration list for PBXNativeTarget "ExchangeAndReturnChat" */;
			buildPhases = (
				9D8544201BBA94AF00AA9834 /* Sources */,
				9D8544211BBA94AF00AA9834 /* Frameworks */,
				9D8544221BBA94AF00AA9834 /* Resources */,
			);
			buildRules = (
			);
			dependencies = (
			);
			name = ExchangeAndReturnChat;
			productName = ExchangeAndReturnChat;
			productReference = 9D8544241BBA94AF00AA9834 /* ExchangeAndReturnChat.app */;
			productType = "com.apple.product-type.application";
		};
		9D8544371BBA94AF00AA9834 /* ExchangeAndReturnChatTests */ = {
			isa = PBXNativeTarget;
			buildConfigurationList = 9D85444F1BBA94AF00AA9834 /* Build configuration list for PBXNativeTarget "ExchangeAndReturnChatTests" */;
			buildPhases = (
				9D8544341BBA94AF00AA9834 /* Sources */,
				9D8544351BBA94AF00AA9834 /* Frameworks */,
				9D8544361BBA94AF00AA9834 /* Resources */,
			);
			buildRules = (
			);
			dependencies = (
				9D85443A1BBA94AF00AA9834 /* PBXTargetDependency */,
			);
			name = ExchangeAndReturnChatTests;
			productName = ExchangeAndReturnChatTests;
			productReference = 9D8544381BBA94AF00AA9834 /* ExchangeAndReturnChatTests.xctest */;
			productType = "com.apple.product-type.bundle.unit-test";
		};
		9D8544421BBA94AF00AA9834 /* ExchangeAndReturnChatUITests */ = {
			isa = PBXNativeTarget;
			buildConfigurationList = 9D8544521BBA94AF00AA9834 /* Build configuration list for PBXNativeTarget "ExchangeAndReturnChatUITests" */;
			buildPhases = (
				9D85443F1BBA94AF00AA9834 /* Sources */,
				9D8544401BBA94AF00AA9834 /* Frameworks */,
				9D8544411BBA94AF00AA9834 /* Resources */,
			);
			buildRules = (
			);
			dependencies = (
				9D8544451BBA94AF00AA9834 /* PBXTargetDependency */,
			);
			name = ExchangeAndReturnChatUITests;
			productName = ExchangeAndReturnChatUITests;
			productReference = 9D8544431BBA94AF00AA9834 /* ExchangeAndReturnChatUITests.xctest */;
			productType = "com.apple.product-type.bundle.ui-testing";
		};
/* End PBXNativeTarget section */

/* Begin PBXProject section */
		9D85441C1BBA94AF00AA9834 /* Project object */ = {
			isa = PBXProject;
			attributes = {
				LastUpgradeCheck = 0700;
				ORGANIZATIONNAME = Anywayanyday;
				TargetAttributes = {
					9D8544231BBA94AF00AA9834 = {
						CreatedOnToolsVersion = 7.0;
					};
					9D8544371BBA94AF00AA9834 = {
						CreatedOnToolsVersion = 7.0;
						TestTargetID = 9D8544231BBA94AF00AA9834;
					};
					9D8544421BBA94AF00AA9834 = {
						CreatedOnToolsVersion = 7.0;
						TestTargetID = 9D8544231BBA94AF00AA9834;
					};
				};
			};
			buildConfigurationList = 9D85441F1BBA94AF00AA9834 /* Build configuration list for PBXProject "ExchangeAndReturnChat" */;
			compatibilityVersion = "Xcode 3.2";
			developmentRegion = English;
			hasScannedForEncodings = 0;
			knownRegions = (
				en,
				Base,
				de,
			);
			mainGroup = 9D85441B1BBA94AF00AA9834;
			productRefGroup = 9D8544251BBA94AF00AA9834 /* Products */;
			projectDirPath = "";
			projectRoot = "";
			targets = (
				9D8544231BBA94AF00AA9834 /* ExchangeAndReturnChat */,
				9D8544371BBA94AF00AA9834 /* ExchangeAndReturnChatTests */,
				9D8544421BBA94AF00AA9834 /* ExchangeAndReturnChatUITests */,
			);
		};
/* End PBXProject section */

/* Begin PBXResourcesBuildPhase section */
		9D8544221BBA94AF00AA9834 /* Resources */ = {
			isa = PBXResourcesBuildPhase;
			buildActionMask = 2147483647;
			files = (
				9D8544321BBA94AF00AA9834 /* LaunchScreen.storyboard in Resources */,
				9D68458D1BC41700004B4FCC /* Localizable.strings in Resources */,
				9D6845991BC543D9004B4FCC /* portrait_btbob.jpg in Resources */,
				9D6845981BC543D9004B4FCC /* hotel_pool.jpg in Resources */,
				9D85442F1BBA94AF00AA9834 /* Assets.xcassets in Resources */,
				9D85442D1BBA94AF00AA9834 /* Main.storyboard in Resources */,
			);
			runOnlyForDeploymentPostprocessing = 0;
		};
		9D8544361BBA94AF00AA9834 /* Resources */ = {
			isa = PBXResourcesBuildPhase;
			buildActionMask = 2147483647;
			files = (
			);
			runOnlyForDeploymentPostprocessing = 0;
		};
		9D8544411BBA94AF00AA9834 /* Resources */ = {
			isa = PBXResourcesBuildPhase;
			buildActionMask = 2147483647;
			files = (
			);
			runOnlyForDeploymentPostprocessing = 0;
		};
/* End PBXResourcesBuildPhase section */

/* Begin PBXSourcesBuildPhase section */
		9D8544201BBA94AF00AA9834 /* Sources */ = {
			isa = PBXSourcesBuildPhase;
			buildActionMask = 2147483647;
			files = (
				9DD9606C1BC7D5A000F5FC2A /* UIButton.swift in Sources */,
				9D6845941BC51978004B4FCC /* UIView.swift in Sources */,
				9D8544601BBC113000AA9834 /* NSString+Awad.m in Sources */,
				9D85442A1BBA94AF00AA9834 /* ViewController.swift in Sources */,
				9D76EFFB1BBD17CB0082F14E /* ChatSendMessagePanel.swift in Sources */,
				9D6845881BC3F794004B4FCC /* Utils.m in Sources */,
				9D6845851BC3F423004B4FCC /* ATOrderInfo.m in Sources */,
				9D8544561BBA968300AA9834 /* ChatViewController.swift in Sources */,
				9D76EFFD1BBD2E050082F14E /* ExchangeAndRefundViewController.swift in Sources */,
				9D76F0001BBD3CC90082F14E /* UIColor.swift in Sources */,
				9D68457E1BC3B1C1004B4FCC /* ChatConfirmationBlockCell.swift in Sources */,
				9D6845821BC3F25F004B4FCC /* ExchangeAndRefundRequest.swift in Sources */,
				9D76F0041BBD98B50082F14E /* SubtitleTitleView.swift in Sources */,
				9DD9C1F31BC27827007D2BAE /* Utils.swift in Sources */,
				9D85445A1BBAA4BD00AA9834 /* ChatCollectionViewCell.swift in Sources */,
				9D8544281BBA94AF00AA9834 /* AppDelegate.swift in Sources */,
				9D76F0021BBD906B0082F14E /* UIFont.swift in Sources */,
			);
			runOnlyForDeploymentPostprocessing = 0;
		};
		9D8544341BBA94AF00AA9834 /* Sources */ = {
			isa = PBXSourcesBuildPhase;
			buildActionMask = 2147483647;
			files = (
				9D85443D1BBA94AF00AA9834 /* ExchangeAndReturnChatTests.swift in Sources */,
			);
			runOnlyForDeploymentPostprocessing = 0;
		};
		9D85443F1BBA94AF00AA9834 /* Sources */ = {
			isa = PBXSourcesBuildPhase;
			buildActionMask = 2147483647;
			files = (
				9D8544481BBA94AF00AA9834 /* ExchangeAndReturnChatUITests.swift in Sources */,
			);
			runOnlyForDeploymentPostprocessing = 0;
		};
/* End PBXSourcesBuildPhase section */

/* Begin PBXTargetDependency section */
		9D85443A1BBA94AF00AA9834 /* PBXTargetDependency */ = {
			isa = PBXTargetDependency;
			target = 9D8544231BBA94AF00AA9834 /* ExchangeAndReturnChat */;
			targetProxy = 9D8544391BBA94AF00AA9834 /* PBXContainerItemProxy */;
		};
		9D8544451BBA94AF00AA9834 /* PBXTargetDependency */ = {
			isa = PBXTargetDependency;
			target = 9D8544231BBA94AF00AA9834 /* ExchangeAndReturnChat */;
			targetProxy = 9D8544441BBA94AF00AA9834 /* PBXContainerItemProxy */;
		};
/* End PBXTargetDependency section */

/* Begin PBXVariantGroup section */
		9D68458F1BC41700004B4FCC /* Localizable.strings */ = {
			isa = PBXVariantGroup;
			children = (
				9D68458E1BC41700004B4FCC /* ru */,
				9D6845901BC41704004B4FCC /* de */,
				9D6845911BC41705004B4FCC /* en */,
				9D6845921BC4170D004B4FCC /* Base */,
			);
			name = Localizable.strings;
			sourceTree = "<group>";
		};
		9D85442B1BBA94AF00AA9834 /* Main.storyboard */ = {
			isa = PBXVariantGroup;
			children = (
				9D85442C1BBA94AF00AA9834 /* Base */,
				9D6845891BC416EB004B4FCC /* de */,
				9D68458B1BC416F5004B4FCC /* ru */,
			);
			name = Main.storyboard;
			sourceTree = "<group>";
		};
		9D8544301BBA94AF00AA9834 /* LaunchScreen.storyboard */ = {
			isa = PBXVariantGroup;
			children = (
				9D8544311BBA94AF00AA9834 /* Base */,
				9D68458A1BC416EB004B4FCC /* de */,
				9D68458C1BC416F5004B4FCC /* ru */,
			);
			name = LaunchScreen.storyboard;
			sourceTree = "<group>";
		};
/* End PBXVariantGroup section */

/* Begin XCBuildConfiguration section */
		9D85444A1BBA94AF00AA9834 /* Debug */ = {
			isa = XCBuildConfiguration;
			buildSettings = {
				ALWAYS_SEARCH_USER_PATHS = NO;
				CLANG_CXX_LANGUAGE_STANDARD = "gnu++0x";
				CLANG_CXX_LIBRARY = "libc++";
				CLANG_ENABLE_MODULES = YES;
				CLANG_ENABLE_OBJC_ARC = YES;
				CLANG_WARN_BOOL_CONVERSION = YES;
				CLANG_WARN_CONSTANT_CONVERSION = YES;
				CLANG_WARN_DIRECT_OBJC_ISA_USAGE = YES_ERROR;
				CLANG_WARN_EMPTY_BODY = YES;
				CLANG_WARN_ENUM_CONVERSION = YES;
				CLANG_WARN_INT_CONVERSION = YES;
				CLANG_WARN_OBJC_ROOT_CLASS = YES_ERROR;
				CLANG_WARN_UNREACHABLE_CODE = YES;
				CLANG_WARN__DUPLICATE_METHOD_MATCH = YES;
				"CODE_SIGN_IDENTITY[sdk=iphoneos*]" = "iPhone Developer";
				COPY_PHASE_STRIP = NO;
				DEBUG_INFORMATION_FORMAT = dwarf;
				ENABLE_STRICT_OBJC_MSGSEND = YES;
				ENABLE_TESTABILITY = YES;
				GCC_C_LANGUAGE_STANDARD = gnu99;
				GCC_DYNAMIC_NO_PIC = NO;
				GCC_NO_COMMON_BLOCKS = YES;
				GCC_OPTIMIZATION_LEVEL = 0;
				GCC_PREPROCESSOR_DEFINITIONS = (
					"DEBUG=1",
					"$(inherited)",
				);
				GCC_WARN_64_TO_32_BIT_CONVERSION = YES;
				GCC_WARN_ABOUT_RETURN_TYPE = YES_ERROR;
				GCC_WARN_UNDECLARED_SELECTOR = YES;
				GCC_WARN_UNINITIALIZED_AUTOS = YES_AGGRESSIVE;
				GCC_WARN_UNUSED_FUNCTION = YES;
				GCC_WARN_UNUSED_VARIABLE = YES;
				IPHONEOS_DEPLOYMENT_TARGET = 9.0;
				MTL_ENABLE_DEBUG_INFO = YES;
				ONLY_ACTIVE_ARCH = YES;
				SDKROOT = iphoneos;
				SWIFT_OPTIMIZATION_LEVEL = "-Onone";
				TARGETED_DEVICE_FAMILY = "1,2";
			};
			name = Debug;
		};
		9D85444B1BBA94AF00AA9834 /* Release */ = {
			isa = XCBuildConfiguration;
			buildSettings = {
				ALWAYS_SEARCH_USER_PATHS = NO;
				CLANG_CXX_LANGUAGE_STANDARD = "gnu++0x";
				CLANG_CXX_LIBRARY = "libc++";
				CLANG_ENABLE_MODULES = YES;
				CLANG_ENABLE_OBJC_ARC = YES;
				CLANG_WARN_BOOL_CONVERSION = YES;
				CLANG_WARN_CONSTANT_CONVERSION = YES;
				CLANG_WARN_DIRECT_OBJC_ISA_USAGE = YES_ERROR;
				CLANG_WARN_EMPTY_BODY = YES;
				CLANG_WARN_ENUM_CONVERSION = YES;
				CLANG_WARN_INT_CONVERSION = YES;
				CLANG_WARN_OBJC_ROOT_CLASS = YES_ERROR;
				CLANG_WARN_UNREACHABLE_CODE = YES;
				CLANG_WARN__DUPLICATE_METHOD_MATCH = YES;
				"CODE_SIGN_IDENTITY[sdk=iphoneos*]" = "iPhone Developer";
				COPY_PHASE_STRIP = NO;
				DEBUG_INFORMATION_FORMAT = "dwarf-with-dsym";
				ENABLE_NS_ASSERTIONS = NO;
				ENABLE_STRICT_OBJC_MSGSEND = YES;
				GCC_C_LANGUAGE_STANDARD = gnu99;
				GCC_NO_COMMON_BLOCKS = YES;
				GCC_WARN_64_TO_32_BIT_CONVERSION = YES;
				GCC_WARN_ABOUT_RETURN_TYPE = YES_ERROR;
				GCC_WARN_UNDECLARED_SELECTOR = YES;
				GCC_WARN_UNINITIALIZED_AUTOS = YES_AGGRESSIVE;
				GCC_WARN_UNUSED_FUNCTION = YES;
				GCC_WARN_UNUSED_VARIABLE = YES;
				IPHONEOS_DEPLOYMENT_TARGET = 9.0;
				MTL_ENABLE_DEBUG_INFO = NO;
				SDKROOT = iphoneos;
				TARGETED_DEVICE_FAMILY = "1,2";
				VALIDATE_PRODUCT = YES;
			};
			name = Release;
		};
		9D85444D1BBA94AF00AA9834 /* Debug */ = {
			isa = XCBuildConfiguration;
			buildSettings = {
				ASSETCATALOG_COMPILER_APPICON_NAME = AppIcon;
				INFOPLIST_FILE = ExchangeAndReturnChat/Info.plist;
				IPHONEOS_DEPLOYMENT_TARGET = 7.1;
				LD_RUNPATH_SEARCH_PATHS = "$(inherited) @executable_path/Frameworks";
				PRODUCT_BUNDLE_IDENTIFIER = com.anywayanyday.awad.ExchangeAndReturnChat;
				PRODUCT_NAME = "$(TARGET_NAME)";
				SWIFT_OBJC_BRIDGING_HEADER = "$(SRCROOT)/ExchangeAndReturnChat/ExchangeAndReturnChat-Bridging-Header.h";
			};
			name = Debug;
		};
		9D85444E1BBA94AF00AA9834 /* Release */ = {
			isa = XCBuildConfiguration;
			buildSettings = {
				ASSETCATALOG_COMPILER_APPICON_NAME = AppIcon;
				INFOPLIST_FILE = ExchangeAndReturnChat/Info.plist;
				IPHONEOS_DEPLOYMENT_TARGET = 7.1;
				LD_RUNPATH_SEARCH_PATHS = "$(inherited) @executable_path/Frameworks";
				PRODUCT_BUNDLE_IDENTIFIER = com.anywayanyday.awad.ExchangeAndReturnChat;
				PRODUCT_NAME = "$(TARGET_NAME)";
				SWIFT_OBJC_BRIDGING_HEADER = "$(SRCROOT)/ExchangeAndReturnChat/ExchangeAndReturnChat-Bridging-Header.h";
			};
			name = Release;
		};
		9D8544501BBA94AF00AA9834 /* Debug */ = {
			isa = XCBuildConfiguration;
			buildSettings = {
				BUNDLE_LOADER = "$(TEST_HOST)";
				INFOPLIST_FILE = ExchangeAndReturnChatTests/Info.plist;
				LD_RUNPATH_SEARCH_PATHS = "$(inherited) @executable_path/Frameworks @loader_path/Frameworks";
				PRODUCT_BUNDLE_IDENTIFIER = com.anywayanyday.awad.ExchangeAndReturnChatTests;
				PRODUCT_NAME = "$(TARGET_NAME)";
				TEST_HOST = "$(BUILT_PRODUCTS_DIR)/ExchangeAndReturnChat.app/ExchangeAndReturnChat";
			};
			name = Debug;
		};
		9D8544511BBA94AF00AA9834 /* Release */ = {
			isa = XCBuildConfiguration;
			buildSettings = {
				BUNDLE_LOADER = "$(TEST_HOST)";
				INFOPLIST_FILE = ExchangeAndReturnChatTests/Info.plist;
				LD_RUNPATH_SEARCH_PATHS = "$(inherited) @executable_path/Frameworks @loader_path/Frameworks";
				PRODUCT_BUNDLE_IDENTIFIER = com.anywayanyday.awad.ExchangeAndReturnChatTests;
				PRODUCT_NAME = "$(TARGET_NAME)";
				TEST_HOST = "$(BUILT_PRODUCTS_DIR)/ExchangeAndReturnChat.app/ExchangeAndReturnChat";
			};
			name = Release;
		};
		9D8544531BBA94AF00AA9834 /* Debug */ = {
			isa = XCBuildConfiguration;
			buildSettings = {
				INFOPLIST_FILE = ExchangeAndReturnChatUITests/Info.plist;
				LD_RUNPATH_SEARCH_PATHS = "$(inherited) @executable_path/Frameworks @loader_path/Frameworks";
				PRODUCT_BUNDLE_IDENTIFIER = com.anywayanyday.awad.ExchangeAndReturnChatUITests;
				PRODUCT_NAME = "$(TARGET_NAME)";
				TEST_TARGET_NAME = ExchangeAndReturnChat;
				USES_XCTRUNNER = YES;
			};
			name = Debug;
		};
		9D8544541BBA94AF00AA9834 /* Release */ = {
			isa = XCBuildConfiguration;
			buildSettings = {
				INFOPLIST_FILE = ExchangeAndReturnChatUITests/Info.plist;
				LD_RUNPATH_SEARCH_PATHS = "$(inherited) @executable_path/Frameworks @loader_path/Frameworks";
				PRODUCT_BUNDLE_IDENTIFIER = com.anywayanyday.awad.ExchangeAndReturnChatUITests;
				PRODUCT_NAME = "$(TARGET_NAME)";
				TEST_TARGET_NAME = ExchangeAndReturnChat;
				USES_XCTRUNNER = YES;
			};
			name = Release;
		};
/* End XCBuildConfiguration section */

/* Begin XCConfigurationList section */
		9D85441F1BBA94AF00AA9834 /* Build configuration list for PBXProject "ExchangeAndReturnChat" */ = {
			isa = XCConfigurationList;
			buildConfigurations = (
				9D85444A1BBA94AF00AA9834 /* Debug */,
				9D85444B1BBA94AF00AA9834 /* Release */,
			);
			defaultConfigurationIsVisible = 0;
			defaultConfigurationName = Release;
		};
		9D85444C1BBA94AF00AA9834 /* Build configuration list for PBXNativeTarget "ExchangeAndReturnChat" */ = {
			isa = XCConfigurationList;
			buildConfigurations = (
				9D85444D1BBA94AF00AA9834 /* Debug */,
				9D85444E1BBA94AF00AA9834 /* Release */,
			);
			defaultConfigurationIsVisible = 0;
			defaultConfigurationName = Release;
		};
		9D85444F1BBA94AF00AA9834 /* Build configuration list for PBXNativeTarget "ExchangeAndReturnChatTests" */ = {
			isa = XCConfigurationList;
			buildConfigurations = (
				9D8544501BBA94AF00AA9834 /* Debug */,
				9D8544511BBA94AF00AA9834 /* Release */,
			);
			defaultConfigurationIsVisible = 0;
			defaultConfigurationName = Release;
		};
		9D8544521BBA94AF00AA9834 /* Build configuration list for PBXNativeTarget "ExchangeAndReturnChatUITests" */ = {
			isa = XCConfigurationList;
			buildConfigurations = (
				9D8544531BBA94AF00AA9834 /* Debug */,
				9D8544541BBA94AF00AA9834 /* Release */,
			);
			defaultConfigurationIsVisible = 0;
			defaultConfigurationName = Release;
		};
/* End XCConfigurationList section */
	};
	rootObject = 9D85441C1BBA94AF00AA9834 /* Project object */;
}
